PODS:
  - Kingfisher (5.15.0):
    - Kingfisher/Core (= 5.15.0)
  - Kingfisher/Core (5.15.0)
  - SwiftyJSON (5.0.0)

DEPENDENCIES:
  - Kingfisher
  - SwiftyJSON

SPEC REPOS:
  trunk:
    - Kingfisher
    - SwiftyJSON

SPEC CHECKSUMS:
  Kingfisher: 1acb67597a520c2d0310677e66d6e0af455ef757
  SwiftyJSON: 36413e04c44ee145039d332b4f4e2d3e8d6c4db7

PODFILE CHECKSUM: ce42abdfa19af3f88398ea2c7eea251e1de1fcb1

COCOAPODS: 1.8.4
